
Microsoft Visual Studio Solution File, Format Version 12.00
# Visual Studio 15
VisualStudioVersion = 15.0.26124.0
MinimumVisualStudioVersion = 15.0.26124.0
Project("{2150E333-8FDC-42A3-9474-1A3956D46DE8}") = "src", "src", "{526F57DA-7E43-4DFF-9ABB-ADFCA752B846}"
EndProject
Project("{FAE04EC0-301F-11D3-BF4B-00C04F79EFBC}") = "YarpSamples.Api", "src\YarpSamples.Api\YarpSamples.Api.csproj", "{00E48A12-81FC-4CAB-93CE-9A8D48F8CC82}"
EndProject
Project("{FAE04EC0-301F-11D3-BF4B-00C04F79EFBC}") = "YarpSamples.ReverseProxy", "src\YarpSamples.ReverseProxy\YarpSamples.ReverseProxy.csproj", "{E7901740-1DF6-4EE9-AC37-277765313785}"
EndProject
Global
	GlobalSection(SolutionConfigurationPlatforms) = preSolution
		Debug|Any CPU = Debug|Any CPU
		Debug|x64 = Debug|x64
		Debug|x86 = Debug|x86
		Release|Any CPU = Release|Any CPU
		Release|x64 = Release|x64
		Release|x86 = Release|x86
	EndGlobalSection
	GlobalSection(SolutionProperties) = preSolution
		HideSolutionNode = FALSE
	EndGlobalSection
	GlobalSection(ProjectConfigurationPlatforms) = postSolution
		{00E48A12-81FC-4CAB-93CE-9A8D48F8CC82}.Debug|Any CPU.ActiveCfg = Debug|Any CPU
		{00E48A12-81FC-4CAB-93CE-9A8D48F8CC82}.Debug|Any CPU.Build.0 = Debug|Any CPU
		{00E48A12-81FC-4CAB-93CE-9A8D48F8CC82}.Debug|x64.ActiveCfg = Debug|Any CPU
		{00E48A12-81FC-4CAB-93CE-9A8D48F8CC82}.Debug|x64.Build.0 = Debug|Any CPU
		{00E48A12-81FC-4CAB-93CE-9A8D48F8CC82}.Debug|x86.ActiveCfg = Debug|Any CPU
		{00E48A12-81FC-4CAB-93CE-9A8D48F8CC82}.Debug|x86.Build.0 = Debug|Any CPU
		{00E48A12-81FC-4CAB-93CE-9A8D48F8CC82}.Release|Any CPU.ActiveCfg = Release|Any CPU
		{00E48A12-81FC-4CAB-93CE-9A8D48F8CC82}.Release|Any CPU.Build.0 = Release|Any CPU
		{00E48A12-81FC-4CAB-93CE-9A8D48F8CC82}.Release|x64.ActiveCfg = Release|Any CPU
		{00E48A12-81FC-4CAB-93CE-9A8D48F8CC82}.Release|x64.Build.0 = Release|Any CPU
		{00E48A12-81FC-4CAB-93CE-9A8D48F8CC82}.Release|x86.ActiveCfg = Release|Any CPU
		{00E48A12-81FC-4CAB-93CE-9A8D48F8CC82}.Release|x86.Build.0 = Release|Any CPU
		{E7901740-1DF6-4EE9-AC37-277765313785}.Debug|Any CPU.ActiveCfg = Debug|Any CPU
		{E7901740-1DF6-4EE9-AC37-277765313785}.Debug|Any CPU.Build.0 = Debug|Any CPU
		{E7901740-1DF6-4EE9-AC37-277765313785}.Debug|x64.ActiveCfg = Debug|Any CPU
		{E7901740-1DF6-4EE9-AC37-277765313785}.Debug|x64.Build.0 = Debug|Any CPU
		{E7901740-1DF6-4EE9-AC37-277765313785}.Debug|x86.ActiveCfg = Debug|Any CPU
		{E7901740-1DF6-4EE9-AC37-277765313785}.Debug|x86.Build.0 = Debug|Any CPU
		{E7901740-1DF6-4EE9-AC37-277765313785}.Release|Any CPU.ActiveCfg = Release|Any CPU
		{E7901740-1DF6-4EE9-AC37-277765313785}.Release|Any CPU.Build.0 = Release|Any CPU
		{E7901740-1DF6-4EE9-AC37-277765313785}.Release|x64.ActiveCfg = Release|Any CPU
		{E7901740-1DF6-4EE9-AC37-277765313785}.Release|x64.Build.0 = Release|Any CPU
		{E7901740-1DF6-4EE9-AC37-277765313785}.Release|x86.ActiveCfg = Release|Any CPU
		{E7901740-1DF6-4EE9-AC37-277765313785}.Release|x86.Build.0 = Release|Any CPU
	EndGlobalSection
	GlobalSection(NestedProjects) = preSolution
		{00E48A12-81FC-4CAB-93CE-9A8D48F8CC82} = {526F57DA-7E43-4DFF-9ABB-ADFCA752B846}
		{E7901740-1DF6-4EE9-AC37-277765313785} = {526F57DA-7E43-4DFF-9ABB-ADFCA752B846}
	EndGlobalSection
EndGlobal
